
Microsoft Visual Studio Solution File, Format Version 12.00
# Visual Studio Version 17
VisualStudioVersion = 17.8.34330.188
MinimumVisualStudioVersion = 10.0.40219.1
Project("{FAE04EC0-301F-11D3-BF4B-00C04F79EFBC}") = "NextGenTechnology", "NextGenTechnology.csproj", "{7CA2E2A2-1791-4E79-BECC-8E5B7783C55A}"
EndProject
Global
	GlobalSection(SolutionConfigurationPlatforms) = preSolution
		Debug|Any CPU = Debug|Any CPU
		Release|Any CPU = Release|Any CPU
	EndGlobalSection
	GlobalSection(ProjectConfigurationPlatforms) = postSolution
		{7CA2E2A2-1791-4E79-BECC-8E5B7783C55A}.Debug|Any CPU.ActiveCfg = Debug|Any CPU
		{7CA2E2A2-1791-4E79-BECC-8E5B7783C55A}.Debug|Any CPU.Build.0 = Debug|Any CPU
		{7CA2E2A2-1791-4E79-BECC-8E5B7783C55A}.Release|Any CPU.ActiveCfg = Release|Any CPU
		{7CA2E2A2-1791-4E79-BECC-8E5B7783C55A}.Release|Any CPU.Build.0 = Release|Any CPU
	EndGlobalSection
	GlobalSection(SolutionProperties) = preSolution
		HideSolutionNode = FALSE
	EndGlobalSection
	GlobalSection(ExtensibilityGlobals) = postSolution
		SolutionGuid = {688C2F3A-8D46-4CD9-AD45-C8E9A32D93A5}
	EndGlobalSection
EndGlobal
